// !$*UTF8*$!
{
	archiveVersion = 1;
	classes = {
	};
	objectVersion = 50;
	objects = {

/* Begin PBXBuildFile section */
		B1F305A1252D752300F99F89 /* AppDelegate.swift in Sources */ = {isa = PBXBuildFile; fileRef = B1F305A0252D752300F99F89 /* AppDelegate.swift */; };
		B1F305A3252D752300F99F89 /* SceneDelegate.swift in Sources */ = {isa = PBXBuildFile; fileRef = B1F305A2252D752300F99F89 /* SceneDelegate.swift */; };
		B1F305A5252D752300F99F89 /* ContentView.swift in Sources */ = {isa = PBXBuildFile; fileRef = B1F305A4252D752300F99F89 /* ContentView.swift */; };
		B1F305A7252D752800F99F89 /* Assets.xcassets in Resources */ = {isa = PBXBuildFile; fileRef = B1F305A6252D752800F99F89 /* Assets.xcassets */; };
		B1F305AA252D752800F99F89 /* Preview Assets.xcassets in Resources */ = {isa = PBXBuildFile; fileRef = B1F305A9252D752800F99F89 /* Preview Assets.xcassets */; };
		B1F305AD252D752800F99F89 /* LaunchScreen.storyboard in Resources */ = {isa = PBXBuildFile; fileRef = B1F305AB252D752800F99F89 /* LaunchScreen.storyboard */; };
		B1F305B5252D7FD300F99F89 /* HomeView.swift in Sources */ = {isa = PBXBuildFile; fileRef = B1F305B4252D7FD300F99F89 /* HomeView.swift */; };
		B1F305B7252D801200F99F89 /* DifferentViews.swift in Sources */ = {isa = PBXBuildFile; fileRef = B1F305B6252D801200F99F89 /* DifferentViews.swift */; };
		B1F305B9252D824900F99F89 /* SlidingMenuView.swift in Sources */ = {isa = PBXBuildFile; fileRef = B1F305B8252D824900F99F89 /* SlidingMenuView.swift */; };
/* End PBXBuildFile section */

/* Begin PBXFileReference section */
		B1F3059D252D752300F99F89 /* InteractiveSlidingMenuSwiftUI.app */ = {isa = PBXFileReference; explicitFileType = wrapper.application; includeInIndex = 0; path = InteractiveSlidingMenuSwiftUI.app; sourceTree = BUILT_PRODUCTS_DIR; };
		B1F305A0252D752300F99F89 /* AppDelegate.swift */ = {isa = PBXFileReference; lastKnownFileType = sourcecode.swift; path = AppDelegate.swift; sourceTree = "<group>"; };
		B1F305A2252D752300F99F89 /* SceneDelegate.swift */ = {isa = PBXFileReference; lastKnownFileType = sourcecode.swift; path = SceneDelegate.swift; sourceTree = "<group>"; };
		B1F305A4252D752300F99F89 /* ContentView.swift */ = {isa = PBXFileReference; lastKnownFileType = sourcecode.swift; path = ContentView.swift; sourceTree = "<group>"; };
		B1F305A6252D752800F99F89 /* Assets.xcassets */ = {isa = PBXFileReference; lastKnownFileType = folder.assetcatalog; path = Assets.xcassets; sourceTree = "<group>"; };
		B1F305A9252D752800F99F89 /* Preview Assets.xcassets */ = {isa = PBXFileReference; lastKnownFileType = folder.assetcatalog; path = "Preview Assets.xcassets"; sourceTree = "<group>"; };
		B1F305AC252D752800F99F89 /* Base */ = {isa = PBXFileReference; lastKnownFileType = file.storyboard; name = Base; path = Base.lproj/LaunchScreen.storyboard; sourceTree = "<group>"; };
		B1F305AE252D752800F99F89 /* Info.plist */ = {isa = PBXFileReference; lastKnownFileType = text.plist.xml; path = Info.plist; sourceTree = "<group>"; };
		B1F305B4252D7FD300F99F89 /* HomeView.swift */ = {isa = PBXFileReference; lastKnownFileType = sourcecode.swift; path = HomeView.swift; sourceTree = "<group>"; };
		B1F305B6252D801200F99F89 /* DifferentViews.swift */ = {isa = PBXFileReference; lastKnownFileType = sourcecode.swift; path = DifferentViews.swift; sourceTree = "<group>"; };
		B1F305B8252D824900F99F89 /* SlidingMenuView.swift */ = {isa = PBXFileReference; lastKnownFileType = sourcecode.swift; path = SlidingMenuView.swift; sourceTree = "<group>"; };
/* End PBXFileReference section */

/* Begin PBXFrameworksBuildPhase section */
		B1F3059A252D752300F99F89 /* Frameworks */ = {
			isa = PBXFrameworksBuildPhase;
			buildActionMask = 2147483647;
			files = (
			);
			runOnlyForDeploymentPostprocessing = 0;
		};
/* End PBXFrameworksBuildPhase section */

/* Begin PBXGroup section */
		B1F30594252D752300F99F89 = {
			isa = PBXGroup;
			children = (
				B1F3059F252D752300F99F89 /* InteractiveSlidingMenuSwiftUI */,
				B1F3059E252D752300F99F89 /* Products */,
			);
			sourceTree = "<group>";
		};
		B1F3059E252D752300F99F89 /* Products */ = {
			isa = PBXGroup;
			children = (
				B1F3059D252D752300F99F89 /* InteractiveSlidingMenuSwiftUI.app */,
			);
			name = Products;
			sourceTree = "<group>";
		};
		B1F3059F252D752300F99F89 /* InteractiveSlidingMenuSwiftUI */ = {
			isa = PBXGroup;
			children = (
				B1F305A0252D752300F99F89 /* AppDelegate.swift */,
				B1F305A2252D752300F99F89 /* SceneDelegate.swift */,
				B1F305A4252D752300F99F89 /* ContentView.swift */,
				B1F305B4252D7FD300F99F89 /* HomeView.swift */,
				B1F305B8252D824900F99F89 /* SlidingMenuView.swift */,
				B1F305B6252D801200F99F89 /* DifferentViews.swift */,
				B1F305A6252D752800F99F89 /* Assets.xcassets */,
				B1F305AB252D752800F99F89 /* LaunchScreen.storyboard */,
				B1F305AE252D752800F99F89 /* Info.plist */,
				B1F305A8252D752800F99F89 /* Preview Content */,
			);
			path = InteractiveSlidingMenuSwiftUI;
			sourceTree = "<group>";
		};
		B1F305A8252D752800F99F89 /* Preview Content */ = {
			isa = PBXGroup;
			children = (
				B1F305A9252D752800F99F89 /* Preview Assets.xcassets */,
			);
			path = "Preview Content";
			sourceTree = "<group>";
		};
/* End PBXGroup section */

/* Begin PBXNativeTarget section */
		B1F3059C252D752300F99F89 /* InteractiveSlidingMenuSwiftUI */ = {
			isa = PBXNativeTarget;
			buildConfigurationList = B1F305B1252D752800F99F89 /* Build configuration list for PBXNativeTarget "InteractiveSlidingMenuSwiftUI" */;
			buildPhases = (
				B1F30599252D752300F99F89 /* Sources */,
				B1F3059A252D752300F99F89 /* Frameworks */,
				B1F3059B252D752300F99F89 /* Resources */,
			);
			buildRules = (
			);
			dependencies = (
			);
			name = InteractiveSlidingMenuSwiftUI;
			productName = InteractiveSlidingMenuSwiftUI;
			productReference = B1F3059D252D752300F99F89 /* InteractiveSlidingMenuSwiftUI.app */;
			productType = "com.apple.product-type.application";
		};
/* End PBXNativeTarget section */

/* Begin PBXProject section */
		B1F30595252D752300F99F89 /* Project object */ = {
			isa = PBXProject;
			attributes = {
				LastSwiftUpdateCheck = 1150;
				LastUpgradeCheck = 1150;
				ORGANIZATIONNAME = "Ashish Tyagi";
				TargetAttributes = {
					B1F3059C252D752300F99F89 = {
						CreatedOnToolsVersion = 11.5;
					};
				};
			};
			buildConfigurationList = B1F30598252D752300F99F89 /* Build configuration list for PBXProject "InteractiveSlidingMenuSwiftUI" */;
			compatibilityVersion = "Xcode 9.3";
			developmentRegion = en;
			hasScannedForEncodings = 0;
			knownRegions = (
				en,
				Base,
			);
			mainGroup = B1F30594252D752300F99F89;
			productRefGroup = B1F3059E252D752300F99F89 /* Products */;
			projectDirPath = "";
			projectRoot = "";
			targets = (
				B1F3059C252D752300F99F89 /* InteractiveSlidingMenuSwiftUI */,
			);
		};
/* End PBXProject section */

/* Begin PBXResourcesBuildPhase section */
		B1F3059B252D752300F99F89 /* Resources */ = {
			isa = PBXResourcesBuildPhase;
			buildActionMask = 2147483647;
			files = (
				B1F305AD252D752800F99F89 /* LaunchScreen.storyboard in Resources */,
				B1F305AA252D752800F99F89 /* Preview Assets.xcassets in Resources */,
				B1F305A7252D752800F99F89 /* Assets.xcassets in Resources */,
			);
			runOnlyForDeploymentPostprocessing = 0;
		};
/* End PBXResourcesBuildPhase section */

/* Begin PBXSourcesBuildPhase section */
		B1F30599252D752300F99F89 /* Sources */ = {
			isa = PBXSourcesBuildPhase;
			buildActionMask = 2147483647;
			files = (
				B1F305A1252D752300F99F89 /* AppDelegate.swift in Sources */,
				B1F305B5252D7FD300F99F89 /* HomeView.swift in Sources */,
				B1F305A3252D752300F99F89 /* SceneDelegate.swift in Sources */,
				B1F305B7252D801200F99F89 /* DifferentViews.swift in Sources */,
				B1F305B9252D824900F99F89 /* SlidingMenuView.swift in Sources */,
				B1F305A5252D752300F99F89 /* ContentView.swift in Sources */,
			);
			runOnlyForDeploymentPostprocessing = 0;
		};
/* End PBXSourcesBuildPhase section */

/* Begin PBXVariantGroup section */
		B1F305AB252D752800F99F89 /* LaunchScreen.storyboard */ = {
			isa = PBXVariantGroup;
			children = (
				B1F305AC252D752800F99F89 /* Base */,
			);
			name = LaunchScreen.storyboard;
			sourceTree = "<group>";
		};
/* End PBXVariantGroup section */

/* Begin XCBuildConfiguration section */
		B1F305AF252D752800F99F89 /* Debug */ = {
			isa = XCBuildConfiguration;
			buildSettings = {
				ALWAYS_SEARCH_USER_PATHS = NO;
				CLANG_ANALYZER_NONNULL = YES;
				CLANG_ANALYZER_NUMBER_OBJECT_CONVERSION = YES_AGGRESSIVE;
				CLANG_CXX_LANGUAGE_STANDARD = "gnu++14";
				CLANG_CXX_LIBRARY = "libc++";
				CLANG_ENABLE_MODULES = YES;
				CLANG_ENABLE_OBJC_ARC = YES;
				CLANG_ENABLE_OBJC_WEAK = YES;
				CLANG_WARN_BLOCK_CAPTURE_AUTORELEASING = YES;
				CLANG_WARN_BOOL_CONVERSION = YES;
				CLANG_WARN_COMMA = YES;
				CLANG_WARN_CONSTANT_CONVERSION = YES;
				CLANG_WARN_DEPRECATED_OBJC_IMPLEMENTATIONS = YES;
				CLANG_WARN_DIRECT_OBJC_ISA_USAGE = YES_ERROR;
				CLANG_WARN_DOCUMENTATION_COMMENTS = YES;
				CLANG_WARN_EMPTY_BODY = YES;
				CLANG_WARN_ENUM_CONVERSION = YES;
				CLANG_WARN_INFINITE_RECURSION = YES;
				CLANG_WARN_INT_CONVERSION = YES;
				CLANG_WARN_NON_LITERAL_NULL_CONVERSION = YES;
				CLANG_WARN_OBJC_IMPLICIT_RETAIN_SELF = YES;
				CLANG_WARN_OBJC_LITERAL_CONVERSION = YES;
				CLANG_WARN_OBJC_ROOT_CLASS = YES_ERROR;
				CLANG_WARN_RANGE_LOOP_ANALYSIS = YES;
				CLANG_WARN_STRICT_PROTOTYPES = YES;
				CLANG_WARN_SUSPICIOUS_MOVE = YES;
				CLANG_WARN_UNGUARDED_AVAILABILITY = YES_AGGRESSIVE;
				CLANG_WARN_UNREACHABLE_CODE = YES;
				CLANG_WARN__DUPLICATE_METHOD_MATCH = YES;
				COPY_PHASE_STRIP = NO;
				DEBUG_INFORMATION_FORMAT = dwarf;
				ENABLE_STRICT_OBJC_MSGSEND = YES;
				ENABLE_TESTABILITY = YES;
				GCC_C_LANGUAGE_STANDARD = gnu11;
				GCC_DYNAMIC_NO_PIC = NO;
				GCC_NO_COMMON_BLOCKS = YES;
				GCC_OPTIMIZATION_LEVEL = 0;
				GCC_PREPROCESSOR_DEFINITIONS = (
					"DEBUG=1",
					"$(inherited)",
				);
				GCC_WARN_64_TO_32_BIT_CONVERSION = YES;
				GCC_WARN_ABOUT_RETURN_TYPE = YES_ERROR;
				GCC_WARN_UNDECLARED_SELECTOR = YES;
				GCC_WARN_UNINITIALIZED_AUTOS = YES_AGGRESSIVE;
				GCC_WARN_UNUSED_FUNCTION = YES;
				GCC_WARN_UNUSED_VARIABLE = YES;
				IPHONEOS_DEPLOYMENT_TARGET = 13.5;
				MTL_ENABLE_DEBUG_INFO = INCLUDE_SOURCE;
				MTL_FAST_MATH = YES;
				ONLY_ACTIVE_ARCH = YES;
				SDKROOT = iphoneos;
				SWIFT_ACTIVE_COMPILATION_CONDITIONS = DEBUG;
				SWIFT_OPTIMIZATION_LEVEL = "-Onone";
			};
			name = Debug;
		};
		B1F305B0252D752800F99F89 /* Release */ = {
			isa = XCBuildConfiguration;
			buildSettings = {
				ALWAYS_SEARCH_USER_PATHS = NO;
				CLANG_ANALYZER_NONNULL = YES;
				CLANG_ANALYZER_NUMBER_OBJECT_CONVERSION = YES_AGGRESSIVE;
				CLANG_CXX_LANGUAGE_STANDARD = "gnu++14";
				CLANG_CXX_LIBRARY = "libc++";
				CLANG_ENABLE_MODULES = YES;
				CLANG_ENABLE_OBJC_ARC = YES;
				CLANG_ENABLE_OBJC_WEAK = YES;
				CLANG_WARN_BLOCK_CAPTURE_AUTORELEASING = YES;
				CLANG_WARN_BOOL_CONVERSION = YES;
				CLANG_WARN_COMMA = YES;
				CLANG_WARN_CONSTANT_CONVERSION = YES;
				CLANG_WARN_DEPRECATED_OBJC_IMPLEMENTATIONS = YES;
				CLANG_WARN_DIRECT_OBJC_ISA_USAGE = YES_ERROR;
				CLANG_WARN_DOCUMENTATION_COMMENTS = YES;
				CLANG_WARN_EMPTY_BODY = YES;
				CLANG_WARN_ENUM_CONVERSION = YES;
				CLANG_WARN_INFINITE_RECURSION = YES;
				CLANG_WARN_INT_CONVERSION = YES;
				CLANG_WARN_NON_LITERAL_NULL_CONVERSION = YES;
				CLANG_WARN_OBJC_IMPLICIT_RETAIN_SELF = YES;
				CLANG_WARN_OBJC_LITERAL_CONVERSION = YES;
				CLANG_WARN_OBJC_ROOT_CLASS = YES_ERROR;
				CLANG_WARN_RANGE_LOOP_ANALYSIS = YES;
				CLANG_WARN_STRICT_PROTOTYPES = YES;
				CLANG_WARN_SUSPICIOUS_MOVE = YES;
				CLANG_WARN_UNGUARDED_AVAILABILITY = YES_AGGRESSIVE;
				CLANG_WARN_UNREACHABLE_CODE = YES;
				CLANG_WARN__DUPLICATE_METHOD_MATCH = YES;
				COPY_PHASE_STRIP = NO;
				DEBUG_INFORMATION_FORMAT = "dwarf-with-dsym";
				ENABLE_NS_ASSERTIONS = NO;
				ENABLE_STRICT_OBJC_MSGSEND = YES;
				GCC_C_LANGUAGE_STANDARD = gnu11;
				GCC_NO_COMMON_BLOCKS = YES;
				GCC_WARN_64_TO_32_BIT_CONVERSION = YES;
				GCC_WARN_ABOUT_RETURN_TYPE = YES_ERROR;
				GCC_WARN_UNDECLARED_SELECTOR = YES;
				GCC_WARN_UNINITIALIZED_AUTOS = YES_AGGRESSIVE;
				GCC_WARN_UNUSED_FUNCTION = YES;
				GCC_WARN_UNUSED_VARIABLE = YES;
				IPHONEOS_DEPLOYMENT_TARGET = 13.5;
				MTL_ENABLE_DEBUG_INFO = NO;
				MTL_FAST_MATH = YES;
				SDKROOT = iphoneos;
				SWIFT_COMPILATION_MODE = wholemodule;
				SWIFT_OPTIMIZATION_LEVEL = "-O";
				VALIDATE_PRODUCT = YES;
			};
			name = Release;
		};
		B1F305B2252D752800F99F89 /* Debug */ = {
			isa = XCBuildConfiguration;
			buildSettings = {
				ASSETCATALOG_COMPILER_APPICON_NAME = AppIcon;
				CODE_SIGN_STYLE = Automatic;
				DEVELOPMENT_ASSET_PATHS = "\"InteractiveSlidingMenuSwiftUI/Preview Content\"";
				ENABLE_PREVIEWS = YES;
				INFOPLIST_FILE = InteractiveSlidingMenuSwiftUI/Info.plist;
				LD_RUNPATH_SEARCH_PATHS = (
					"$(inherited)",
					"@executable_path/Frameworks",
				);
				PRODUCT_BUNDLE_IDENTIFIER = com.ashish.InteractiveSlidingMenuSwiftUI;
				PRODUCT_NAME = "$(TARGET_NAME)";
				SWIFT_VERSION = 5.0;
				TARGETED_DEVICE_FAMILY = "1,2";
			};
			name = Debug;
		};
		B1F305B3252D752800F99F89 /* Release */ = {
			isa = XCBuildConfiguration;
			buildSettings = {
				ASSETCATALOG_COMPILER_APPICON_NAME = AppIcon;
				CODE_SIGN_STYLE = Automatic;
				DEVELOPMENT_ASSET_PATHS = "\"InteractiveSlidingMenuSwiftUI/Preview Content\"";
				ENABLE_PREVIEWS = YES;
				INFOPLIST_FILE = InteractiveSlidingMenuSwiftUI/Info.plist;
				LD_RUNPATH_SEARCH_PATHS = (
					"$(inherited)",
					"@executable_path/Frameworks",
				);
				PRODUCT_BUNDLE_IDENTIFIER = com.ashish.InteractiveSlidingMenuSwiftUI;
				PRODUCT_NAME = "$(TARGET_NAME)";
				SWIFT_VERSION = 5.0;
				TARGETED_DEVICE_FAMILY = "1,2";
			};
			name = Release;
		};
/* End XCBuildConfiguration section */

/* Begin XCConfigurationList section */
		B1F30598252D752300F99F89 /* Build configuration list for PBXProject "InteractiveSlidingMenuSwiftUI" */ = {
			isa = XCConfigurationList;
			buildConfigurations = (
				B1F305AF252D752800F99F89 /* Debug */,
				B1F305B0252D752800F99F89 /* Release */,
			);
			defaultConfigurationIsVisible = 0;
			defaultConfigurationName = Release;
		};
		B1F305B1252D752800F99F89 /* Build configuration list for PBXNativeTarget "InteractiveSlidingMenuSwiftUI" */ = {
			isa = XCConfigurationList;
			buildConfigurations = (
				B1F305B2252D752800F99F89 /* Debug */,
				B1F305B3252D752800F99F89 /* Release */,
			);
			defaultConfigurationIsVisible = 0;
			defaultConfigurationName = Release;
		};
/* End XCConfigurationList section */
	};
	rootObject = B1F30595252D752300F99F89 /* Project object */;
}
